
Microsoft Visual Studio Solution File, Format Version 12.00
# Visual Studio Version 17
VisualStudioVersion = 17.7.34009.444
MinimumVisualStudioVersion = 10.0.40219.1
Project("{9A19103F-16F7-4668-BE54-9A1E7A4F7556}") = "PBJ.NotificationService.Presentation", "src\NotificationService.Presentation\PBJ.NotificationService.Presentation.csproj", "{DCEDE6E5-7136-4DDE-90CB-895F6D301E94}"
EndProject
Project("{9A19103F-16F7-4668-BE54-9A1E7A4F7556}") = "PBJ.NotificationService.Domain", "src\PBJ.NotificationService.Core\PBJ.NotificationService.Domain.csproj", "{1D1308B7-0509-46D5-B47D-F3F330E4D881}"
EndProject
Project("{9A19103F-16F7-4668-BE54-9A1E7A4F7556}") = "PBJ.NotificationService.Application", "src\PBJ.NotificationService.Application\PBJ.NotificationService.Application.csproj", "{219BA5DA-800E-470B-A24C-91D278D77F7D}"
EndProject
Global
	GlobalSection(SolutionConfigurationPlatforms) = preSolution
		Debug|Any CPU = Debug|Any CPU
		Release|Any CPU = Release|Any CPU
	EndGlobalSection
	GlobalSection(ProjectConfigurationPlatforms) = postSolution
		{DCEDE6E5-7136-4DDE-90CB-895F6D301E94}.Debug|Any CPU.ActiveCfg = Debug|Any CPU
		{DCEDE6E5-7136-4DDE-90CB-895F6D301E94}.Debug|Any CPU.Build.0 = Debug|Any CPU
		{DCEDE6E5-7136-4DDE-90CB-895F6D301E94}.Release|Any CPU.ActiveCfg = Release|Any CPU
		{DCEDE6E5-7136-4DDE-90CB-895F6D301E94}.Release|Any CPU.Build.0 = Release|Any CPU
		{1D1308B7-0509-46D5-B47D-F3F330E4D881}.Debug|Any CPU.ActiveCfg = Debug|Any CPU
		{1D1308B7-0509-46D5-B47D-F3F330E4D881}.Debug|Any CPU.Build.0 = Debug|Any CPU
		{1D1308B7-0509-46D5-B47D-F3F330E4D881}.Release|Any CPU.ActiveCfg = Release|Any CPU
		{1D1308B7-0509-46D5-B47D-F3F330E4D881}.Release|Any CPU.Build.0 = Release|Any CPU
		{219BA5DA-800E-470B-A24C-91D278D77F7D}.Debug|Any CPU.ActiveCfg = Debug|Any CPU
		{219BA5DA-800E-470B-A24C-91D278D77F7D}.Debug|Any CPU.Build.0 = Debug|Any CPU
		{219BA5DA-800E-470B-A24C-91D278D77F7D}.Release|Any CPU.ActiveCfg = Release|Any CPU
		{219BA5DA-800E-470B-A24C-91D278D77F7D}.Release|Any CPU.Build.0 = Release|Any CPU
	EndGlobalSection
	GlobalSection(SolutionProperties) = preSolution
		HideSolutionNode = FALSE
	EndGlobalSection
	GlobalSection(ExtensibilityGlobals) = postSolution
		SolutionGuid = {CF243A49-5A8B-4601-ABB1-F1C83883C2C8}
	EndGlobalSection
	GlobalSection(SharedMSBuildProjectFiles) = preSolution
		..\Shared\PBJ.Shared.QueueContext\PBJ.Shared.QueueContext.projitems*{219ba5da-800e-470b-a24c-91d278d77f7d}*SharedItemsImports = 5
	EndGlobalSection
EndGlobal
