
Microsoft Visual Studio Solution File, Format Version 12.00
# Visual Studio Version 17
VisualStudioVersion = 17.6.33723.286
MinimumVisualStudioVersion = 10.0.40219.1
Project("{2150E333-8FDC-42A3-9474-1A3956D46DE8}") = "src", "src", "{C1CDC60A-F291-40F0-856C-75B7E28AD659}"
EndProject
Project("{FAE04EC0-301F-11D3-BF4B-00C04F79EFBC}") = "PBJ.AuthService.Api", "src\PBJ.AuthService.Api\PBJ.AuthService.Api.csproj", "{9A4B6348-5C06-42EF-BBAE-5F0C92786591}"
EndProject
Project("{FAE04EC0-301F-11D3-BF4B-00C04F79EFBC}") = "PBJ.AuthService.Business", "src\PBJ.AuthService.Business\PBJ.AuthService.Business.csproj", "{E258260A-8900-4795-85B2-8E1AB7BF3ADF}"
EndProject
Project("{FAE04EC0-301F-11D3-BF4B-00C04F79EFBC}") = "PBJ.AuthService.DataAccess", "src\PBJ.AuthService.DataAccess\PBJ.AuthService.DataAccess.csproj", "{6C48392A-ED0C-4DF3-8B1F-46AF3735E7D1}"
EndProject
Global
	GlobalSection(SolutionConfigurationPlatforms) = preSolution
		Debug|Any CPU = Debug|Any CPU
		Release|Any CPU = Release|Any CPU
	EndGlobalSection
	GlobalSection(ProjectConfigurationPlatforms) = postSolution
		{9A4B6348-5C06-42EF-BBAE-5F0C92786591}.Debug|Any CPU.ActiveCfg = Debug|Any CPU
		{9A4B6348-5C06-42EF-BBAE-5F0C92786591}.Debug|Any CPU.Build.0 = Debug|Any CPU
		{9A4B6348-5C06-42EF-BBAE-5F0C92786591}.Release|Any CPU.ActiveCfg = Release|Any CPU
		{9A4B6348-5C06-42EF-BBAE-5F0C92786591}.Release|Any CPU.Build.0 = Release|Any CPU
		{E258260A-8900-4795-85B2-8E1AB7BF3ADF}.Debug|Any CPU.ActiveCfg = Debug|Any CPU
		{E258260A-8900-4795-85B2-8E1AB7BF3ADF}.Debug|Any CPU.Build.0 = Debug|Any CPU
		{E258260A-8900-4795-85B2-8E1AB7BF3ADF}.Release|Any CPU.ActiveCfg = Release|Any CPU
		{E258260A-8900-4795-85B2-8E1AB7BF3ADF}.Release|Any CPU.Build.0 = Release|Any CPU
		{6C48392A-ED0C-4DF3-8B1F-46AF3735E7D1}.Debug|Any CPU.ActiveCfg = Debug|Any CPU
		{6C48392A-ED0C-4DF3-8B1F-46AF3735E7D1}.Debug|Any CPU.Build.0 = Debug|Any CPU
		{6C48392A-ED0C-4DF3-8B1F-46AF3735E7D1}.Release|Any CPU.ActiveCfg = Release|Any CPU
		{6C48392A-ED0C-4DF3-8B1F-46AF3735E7D1}.Release|Any CPU.Build.0 = Release|Any CPU
	EndGlobalSection
	GlobalSection(SolutionProperties) = preSolution
		HideSolutionNode = FALSE
	EndGlobalSection
	GlobalSection(ExtensibilityGlobals) = postSolution
		SolutionGuid = {36A487A6-6CC4-44AC-A8A8-B7ED31F605E5}
	EndGlobalSection
	GlobalSection(NestedProjects) = preSolution
		{9A4B6348-5C06-42EF-BBAE-5F0C92786591} = {C1CDC60A-F291-40F0-856C-75B7E28AD659}
		{E258260A-8900-4795-85B2-8E1AB7BF3ADF} = {C1CDC60A-F291-40F0-856C-75B7E28AD659}
		{6C48392A-ED0C-4DF3-8B1F-46AF3735E7D1} = {C1CDC60A-F291-40F0-856C-75B7E28AD659}
	EndGlobalSection
EndGlobal
